# This file is automatically @generated by Poetry 1.6.1 and should not be changed by hand.

[[package]]
name = "pythonturtle"
version = "0.3.2"
description = "An educational environment for learning Python, suitable for beginners"
optional = false
python-versions = ">=3"
files = [
    {file = "PythonTurtle-0.3.2-py3-none-any.whl", hash = "sha256:255d1912c79e34c47e93684e915ea74c584d38bc94637c16a161212ce332b6b5"},
    {file = "PythonTurtle-0.3.2.tar.gz", hash = "sha256:bd5628ab23a73189ec1cb9effbddf2f9fb43613ee9c971cf0954700b202d8534"},
]

[metadata]
lock-version = "2.0"
python-versions = "^3.11"
content-hash = "8186112eed0500095517fcf8628b377c92cf9b0906ce428a30d0d0465a3a2cdf"
